
Microsoft Visual Studio Solution File, Format Version 12.00
# Visual Studio Version 16
VisualStudioVersion = 16.0.30611.23
MinimumVisualStudioVersion = 10.0.40219.1
Project("{9A19103F-16F7-4668-BE54-9A1E7A4F7556}") = "NetConnect", "NetConnect\NetConnect.csproj", "{9D2F7327-8F86-40AD-A91A-5A8E302802C6}"
EndProject
Project("{FAE04EC0-301F-11D3-BF4B-00C04F79EFBC}") = "NetConnect.Core", "NetConnect.Core\NetConnect.Core.csproj", "{1D031AF1-134E-490D-8157-9BE6F597ABE6}"
EndProject
Global
	GlobalSection(SolutionConfigurationPlatforms) = preSolution
		Debug|Any CPU = Debug|Any CPU
		Release|Any CPU = Release|Any CPU
	EndGlobalSection
	GlobalSection(ProjectConfigurationPlatforms) = postSolution
		{9D2F7327-8F86-40AD-A91A-5A8E302802C6}.Debug|Any CPU.ActiveCfg = Debug|Any CPU
		{9D2F7327-8F86-40AD-A91A-5A8E302802C6}.Debug|Any CPU.Build.0 = Debug|Any CPU
		{9D2F7327-8F86-40AD-A91A-5A8E302802C6}.Release|Any CPU.ActiveCfg = Release|Any CPU
		{9D2F7327-8F86-40AD-A91A-5A8E302802C6}.Release|Any CPU.Build.0 = Release|Any CPU
		{1D031AF1-134E-490D-8157-9BE6F597ABE6}.Debug|Any CPU.ActiveCfg = Debug|Any CPU
		{1D031AF1-134E-490D-8157-9BE6F597ABE6}.Debug|Any CPU.Build.0 = Debug|Any CPU
		{1D031AF1-134E-490D-8157-9BE6F597ABE6}.Release|Any CPU.ActiveCfg = Release|Any CPU
		{1D031AF1-134E-490D-8157-9BE6F597ABE6}.Release|Any CPU.Build.0 = Release|Any CPU
	EndGlobalSection
	GlobalSection(SolutionProperties) = preSolution
		HideSolutionNode = FALSE
	EndGlobalSection
	GlobalSection(ExtensibilityGlobals) = postSolution
		SolutionGuid = {CD211256-1B3E-4381-AC8B-E34FFCB64040}
	EndGlobalSection
EndGlobal
